
Microsoft Visual Studio Solution File, Format Version 12.00
# Visual Studio Version 17
VisualStudioVersion = 17.14.36221.1 d17.14
MinimumVisualStudioVersion = 10.0.40219.1
Project("{FAE04EC0-301F-11D3-BF4B-00C04F79EFBC}") = "OrderApp", "OrderApp\OrderApp.csproj", "{7BD217C7-A5E7-483F-AFBC-25F8960885E3}"
EndProject
Global
	GlobalSection(SolutionConfigurationPlatforms) = preSolution
		Debug|Any CPU = Debug|Any CPU
		Release|Any CPU = Release|Any CPU
	EndGlobalSection
	GlobalSection(ProjectConfigurationPlatforms) = postSolution
		{7BD217C7-A5E7-483F-AFBC-25F8960885E3}.Debug|Any CPU.ActiveCfg = Debug|Any CPU
		{7BD217C7-A5E7-483F-AFBC-25F8960885E3}.Debug|Any CPU.Build.0 = Debug|Any CPU
		{7BD217C7-A5E7-483F-AFBC-25F8960885E3}.Release|Any CPU.ActiveCfg = Release|Any CPU
		{7BD217C7-A5E7-483F-AFBC-25F8960885E3}.Release|Any CPU.Build.0 = Release|Any CPU
	EndGlobalSection
	GlobalSection(SolutionProperties) = preSolution
		HideSolutionNode = FALSE
	EndGlobalSection
	GlobalSection(ExtensibilityGlobals) = postSolution
		SolutionGuid = {ECE52E4D-FA19-418E-8F1B-0B22A5A83517}
	EndGlobalSection
EndGlobal
